
Microsoft Visual Studio Solution File, Format Version 12.00
# Visual Studio 15
VisualStudioVersion = 15.0.27130.2036
MinimumVisualStudioVersion = 10.0.40219.1
Project("{FAE04EC0-301F-11D3-BF4B-00C04F79EFBC}") = "Game1", "Game1\Game1.csproj", "{C93245F0-6721-4892-A43D-4E4DBE542195}"
EndProject
Global
	GlobalSection(SolutionConfigurationPlatforms) = preSolution
		Debug|Any CPU = Debug|Any CPU
		Release|Any CPU = Release|Any CPU
	EndGlobalSection
	GlobalSection(ProjectConfigurationPlatforms) = postSolution
		{C93245F0-6721-4892-A43D-4E4DBE542195}.Debug|Any CPU.ActiveCfg = Debug|Any CPU
		{C93245F0-6721-4892-A43D-4E4DBE542195}.Debug|Any CPU.Build.0 = Debug|Any CPU
		{C93245F0-6721-4892-A43D-4E4DBE542195}.Release|Any CPU.ActiveCfg = Release|Any CPU
		{C93245F0-6721-4892-A43D-4E4DBE542195}.Release|Any CPU.Build.0 = Release|Any CPU
	EndGlobalSection
	GlobalSection(SolutionProperties) = preSolution
		HideSolutionNode = FALSE
	EndGlobalSection
	GlobalSection(ExtensibilityGlobals) = postSolution
		SolutionGuid = {0A954A9C-858B-412F-8796-F748EB2AE94A}
	EndGlobalSection
EndGlobal
